
Microsoft Visual Studio Solution File, Format Version 12.00
# Visual Studio 15
VisualStudioVersion = 15.0.28010.2046
MinimumVisualStudioVersion = 10.0.40219.1
Project("{FAE04EC0-301F-11D3-BF4B-00C04F79EFBC}") = "ShoppingCart.Core", "ShoppingCart.Core\ShoppingCart.Core.csproj", "{1A7533C8-5F68-447C-B2CD-95B954881496}"
EndProject
Project("{FAE04EC0-301F-11D3-BF4B-00C04F79EFBC}") = "ShoppingCart.Core.Tests", "ShoppingCart.Core.Tests\ShoppingCart.Core.Tests.csproj", "{1C5B5001-1A4F-41F3-AE2B-C7CB75EE0E6C}"
EndProject
Project("{FAE04EC0-301F-11D3-BF4B-00C04F79EFBC}") = "ShoppingCart.Web", "ShoppingCart.Web\ShoppingCart.Web.csproj", "{F3F86AE8-1CE8-450B-857F-C448D4B69B5D}"
EndProject
Project("{FAE04EC0-301F-11D3-BF4B-00C04F79EFBC}") = "ShoppingCart.Web.Tests", "ShoppingCart.Web.Tests\ShoppingCart.Web.Tests.csproj", "{F129F53E-5767-4F96-B2AD-51C957D38416}"
EndProject
Global
	GlobalSection(SolutionConfigurationPlatforms) = preSolution
		Debug|Any CPU = Debug|Any CPU
		Release|Any CPU = Release|Any CPU
	EndGlobalSection
	GlobalSection(ProjectConfigurationPlatforms) = postSolution
		{1A7533C8-5F68-447C-B2CD-95B954881496}.Debug|Any CPU.ActiveCfg = Debug|Any CPU
		{1A7533C8-5F68-447C-B2CD-95B954881496}.Debug|Any CPU.Build.0 = Debug|Any CPU
		{1A7533C8-5F68-447C-B2CD-95B954881496}.Release|Any CPU.ActiveCfg = Release|Any CPU
		{1A7533C8-5F68-447C-B2CD-95B954881496}.Release|Any CPU.Build.0 = Release|Any CPU
		{1C5B5001-1A4F-41F3-AE2B-C7CB75EE0E6C}.Debug|Any CPU.ActiveCfg = Debug|Any CPU
		{1C5B5001-1A4F-41F3-AE2B-C7CB75EE0E6C}.Debug|Any CPU.Build.0 = Debug|Any CPU
		{1C5B5001-1A4F-41F3-AE2B-C7CB75EE0E6C}.Release|Any CPU.ActiveCfg = Release|Any CPU
		{1C5B5001-1A4F-41F3-AE2B-C7CB75EE0E6C}.Release|Any CPU.Build.0 = Release|Any CPU
		{F3F86AE8-1CE8-450B-857F-C448D4B69B5D}.Debug|Any CPU.ActiveCfg = Debug|Any CPU
		{F3F86AE8-1CE8-450B-857F-C448D4B69B5D}.Debug|Any CPU.Build.0 = Debug|Any CPU
		{F3F86AE8-1CE8-450B-857F-C448D4B69B5D}.Release|Any CPU.ActiveCfg = Release|Any CPU
		{F3F86AE8-1CE8-450B-857F-C448D4B69B5D}.Release|Any CPU.Build.0 = Release|Any CPU
		{F129F53E-5767-4F96-B2AD-51C957D38416}.Debug|Any CPU.ActiveCfg = Debug|Any CPU
		{F129F53E-5767-4F96-B2AD-51C957D38416}.Debug|Any CPU.Build.0 = Debug|Any CPU
		{F129F53E-5767-4F96-B2AD-51C957D38416}.Release|Any CPU.ActiveCfg = Release|Any CPU
		{F129F53E-5767-4F96-B2AD-51C957D38416}.Release|Any CPU.Build.0 = Release|Any CPU
	EndGlobalSection
	GlobalSection(SolutionProperties) = preSolution
		HideSolutionNode = FALSE
	EndGlobalSection
	GlobalSection(ExtensibilityGlobals) = postSolution
		SolutionGuid = {92074422-3B02-4923-A090-80D54C3051D5}
	EndGlobalSection
EndGlobal
